
Microsoft Visual Studio Solution File, Format Version 12.00
# Visual Studio Version 17
VisualStudioVersion = 17.1.32328.378
MinimumVisualStudioVersion = 10.0.40219.1
Project("{FAE04EC0-301F-11D3-BF4B-00C04F79EFBC}") = "Lab5.Solution1", "Lab5.Solution1\Lab5.Solution1.csproj", "{168F798C-D205-4A8F-AA67-02D278D2670A}"
EndProject
Project("{FAE04EC0-301F-11D3-BF4B-00C04F79EFBC}") = "Lab5.Solution2", "Lab5.Solution2\Lab5.Solution2.csproj", "{1A46AFBD-2AD7-47DD-BFF9-60F6434340C5}"
EndProject
Project("{FAE04EC0-301F-11D3-BF4B-00C04F79EFBC}") = "Lab5.Solution3", "Lab5.Solution3\Lab5.Solution3.csproj", "{440C669C-86E4-47C7-9053-9A7282EFA299}"
EndProject
Project("{FAE04EC0-301F-11D3-BF4B-00C04F79EFBC}") = "Lab5.Solution4", "Lab5.Solution4\Lab5.Solution4.csproj", "{0BFF81E3-E0E7-4CB6-AFE2-D75DAEE9BA99}"
EndProject
Project("{FAE04EC0-301F-11D3-BF4B-00C04F79EFBC}") = "Lab5.Solution5", "Lab5.Solution5\Lab5.Solution5.csproj", "{94527E7A-DC11-48D9-992B-0301456E53FF}"
EndProject
Global
	GlobalSection(SolutionConfigurationPlatforms) = preSolution
		Debug|Any CPU = Debug|Any CPU
		Release|Any CPU = Release|Any CPU
	EndGlobalSection
	GlobalSection(ProjectConfigurationPlatforms) = postSolution
		{168F798C-D205-4A8F-AA67-02D278D2670A}.Debug|Any CPU.ActiveCfg = Debug|Any CPU
		{168F798C-D205-4A8F-AA67-02D278D2670A}.Debug|Any CPU.Build.0 = Debug|Any CPU
		{168F798C-D205-4A8F-AA67-02D278D2670A}.Release|Any CPU.ActiveCfg = Release|Any CPU
		{168F798C-D205-4A8F-AA67-02D278D2670A}.Release|Any CPU.Build.0 = Release|Any CPU
		{1A46AFBD-2AD7-47DD-BFF9-60F6434340C5}.Debug|Any CPU.ActiveCfg = Debug|Any CPU
		{1A46AFBD-2AD7-47DD-BFF9-60F6434340C5}.Debug|Any CPU.Build.0 = Debug|Any CPU
		{1A46AFBD-2AD7-47DD-BFF9-60F6434340C5}.Release|Any CPU.ActiveCfg = Release|Any CPU
		{1A46AFBD-2AD7-47DD-BFF9-60F6434340C5}.Release|Any CPU.Build.0 = Release|Any CPU
		{440C669C-86E4-47C7-9053-9A7282EFA299}.Debug|Any CPU.ActiveCfg = Debug|Any CPU
		{440C669C-86E4-47C7-9053-9A7282EFA299}.Debug|Any CPU.Build.0 = Debug|Any CPU
		{440C669C-86E4-47C7-9053-9A7282EFA299}.Release|Any CPU.ActiveCfg = Release|Any CPU
		{440C669C-86E4-47C7-9053-9A7282EFA299}.Release|Any CPU.Build.0 = Release|Any CPU
		{0BFF81E3-E0E7-4CB6-AFE2-D75DAEE9BA99}.Debug|Any CPU.ActiveCfg = Debug|Any CPU
		{0BFF81E3-E0E7-4CB6-AFE2-D75DAEE9BA99}.Debug|Any CPU.Build.0 = Debug|Any CPU
		{0BFF81E3-E0E7-4CB6-AFE2-D75DAEE9BA99}.Release|Any CPU.ActiveCfg = Release|Any CPU
		{0BFF81E3-E0E7-4CB6-AFE2-D75DAEE9BA99}.Release|Any CPU.Build.0 = Release|Any CPU
		{94527E7A-DC11-48D9-992B-0301456E53FF}.Debug|Any CPU.ActiveCfg = Debug|Any CPU
		{94527E7A-DC11-48D9-992B-0301456E53FF}.Debug|Any CPU.Build.0 = Debug|Any CPU
		{94527E7A-DC11-48D9-992B-0301456E53FF}.Release|Any CPU.ActiveCfg = Release|Any CPU
		{94527E7A-DC11-48D9-992B-0301456E53FF}.Release|Any CPU.Build.0 = Release|Any CPU
	EndGlobalSection
	GlobalSection(SolutionProperties) = preSolution
		HideSolutionNode = FALSE
	EndGlobalSection
	GlobalSection(ExtensibilityGlobals) = postSolution
		SolutionGuid = {F961351B-3481-477B-B9B2-38A2F81B41F4}
	EndGlobalSection
EndGlobal
